// !$*UTF8*$!
{
	archiveVersion = 1;
	classes = {
	};
	objectVersion = 51;
	objects = {

/* Begin PBXBuildFile section */
		0A3606947346AC9059C3F6BC /* Pods_flixterTests.framework in Frameworks */ = {isa = PBXBuildFile; fileRef = 0D52CFF83DE6DCC8B8C80E69 /* Pods_flixterTests.framework */; };
		4D3853DEA8675B44FEAD17E7 /* Pods_flixter.framework in Frameworks */ = {isa = PBXBuildFile; fileRef = 3BC65DE2AB8E4F8E4526AE2F /* Pods_flixter.framework */; };
		A869C00525E18F3200E53910 /* AppDelegate.swift in Sources */ = {isa = PBXBuildFile; fileRef = A869C00425E18F3200E53910 /* AppDelegate.swift */; };
		A869C00725E18F3200E53910 /* SceneDelegate.swift in Sources */ = {isa = PBXBuildFile; fileRef = A869C00625E18F3200E53910 /* SceneDelegate.swift */; };
		A869C00C25E18F3200E53910 /* Main.storyboard in Resources */ = {isa = PBXBuildFile; fileRef = A869C00A25E18F3200E53910 /* Main.storyboard */; };
		A869C00E25E18F3300E53910 /* Assets.xcassets in Resources */ = {isa = PBXBuildFile; fileRef = A869C00D25E18F3300E53910 /* Assets.xcassets */; };
		A869C01125E18F3300E53910 /* LaunchScreen.storyboard in Resources */ = {isa = PBXBuildFile; fileRef = A869C00F25E18F3300E53910 /* LaunchScreen.storyboard */; };
		A869C01C25E18F3300E53910 /* flixterTests.swift in Sources */ = {isa = PBXBuildFile; fileRef = A869C01B25E18F3300E53910 /* flixterTests.swift */; };
		A869C02725E18F3300E53910 /* flixterUITests.swift in Sources */ = {isa = PBXBuildFile; fileRef = A869C02625E18F3300E53910 /* flixterUITests.swift */; };
		A869C04025E1A34F00E53910 /* MoviesViewController.swift in Sources */ = {isa = PBXBuildFile; fileRef = A869C03F25E1A34F00E53910 /* MoviesViewController.swift */; };
		A87851B625E1B24600A3030C /* MovieCell.swift in Sources */ = {isa = PBXBuildFile; fileRef = A87851B525E1B24600A3030C /* MovieCell.swift */; };
		A8C38BDE25EAE64000BFA1DD /* MovieDetailsViewController.swift in Sources */ = {isa = PBXBuildFile; fileRef = A8C38BDD25EAE64000BFA1DD /* MovieDetailsViewController.swift */; };
		A8C38BE325EAF14D00BFA1DD /* MovieGridViewController.swift in Sources */ = {isa = PBXBuildFile; fileRef = A8C38BE225EAF14D00BFA1DD /* MovieGridViewController.swift */; };
		A8C38BE825EC15D300BFA1DD /* MovieGridCell.swift in Sources */ = {isa = PBXBuildFile; fileRef = A8C38BE725EC15D300BFA1DD /* MovieGridCell.swift */; };
		D79C751F51BB5E10320412C6 /* Pods_flixter_flixterUITests.framework in Frameworks */ = {isa = PBXBuildFile; fileRef = 5DE0AFEABFECDBE5D1DEC802 /* Pods_flixter_flixterUITests.framework */; };
/* End PBXBuildFile section */

/* Begin PBXContainerItemProxy section */
		A869C01825E18F3300E53910 /* PBXContainerItemProxy */ = {
			isa = PBXContainerItemProxy;
			containerPortal = A869BFF925E18F3200E53910 /* Project object */;
			proxyType = 1;
			remoteGlobalIDString = A869C00025E18F3200E53910;
			remoteInfo = flixter;
		};
		A869C02325E18F3300E53910 /* PBXContainerItemProxy */ = {
			isa = PBXContainerItemProxy;
			containerPortal = A869BFF925E18F3200E53910 /* Project object */;
			proxyType = 1;
			remoteGlobalIDString = A869C00025E18F3200E53910;
			remoteInfo = flixter;
		};
/* End PBXContainerItemProxy section */

/* Begin PBXFileReference section */
		0D52CFF83DE6DCC8B8C80E69 /* Pods_flixterTests.framework */ = {isa = PBXFileReference; explicitFileType = wrapper.framework; includeInIndex = 0; path = Pods_flixterTests.framework; sourceTree = BUILT_PRODUCTS_DIR; };
		2E0EF3F2EB64C57D4B0E37FD /* Pods-flixter-flixterUITests.debug.xcconfig */ = {isa = PBXFileReference; includeInIndex = 1; lastKnownFileType = text.xcconfig; name = "Pods-flixter-flixterUITests.debug.xcconfig"; path = "Target Support Files/Pods-flixter-flixterUITests/Pods-flixter-flixterUITests.debug.xcconfig"; sourceTree = "<group>"; };
		3BC65DE2AB8E4F8E4526AE2F /* Pods_flixter.framework */ = {isa = PBXFileReference; explicitFileType = wrapper.framework; includeInIndex = 0; path = Pods_flixter.framework; sourceTree = BUILT_PRODUCTS_DIR; };
		5D7403630CCF010DF9FBC87B /* Pods-flixterTests.release.xcconfig */ = {isa = PBXFileReference; includeInIndex = 1; lastKnownFileType = text.xcconfig; name = "Pods-flixterTests.release.xcconfig"; path = "Target Support Files/Pods-flixterTests/Pods-flixterTests.release.xcconfig"; sourceTree = "<group>"; };
		5DE0AFEABFECDBE5D1DEC802 /* Pods_flixter_flixterUITests.framework */ = {isa = PBXFileReference; explicitFileType = wrapper.framework; includeInIndex = 0; path = Pods_flixter_flixterUITests.framework; sourceTree = BUILT_PRODUCTS_DIR; };
		A869C00125E18F3200E53910 /* flixter.app */ = {isa = PBXFileReference; explicitFileType = wrapper.application; includeInIndex = 0; path = flixter.app; sourceTree = BUILT_PRODUCTS_DIR; };
		A869C00425E18F3200E53910 /* AppDelegate.swift */ = {isa = PBXFileReference; lastKnownFileType = sourcecode.swift; path = AppDelegate.swift; sourceTree = "<group>"; };
		A869C00625E18F3200E53910 /* SceneDelegate.swift */ = {isa = PBXFileReference; lastKnownFileType = sourcecode.swift; path = SceneDelegate.swift; sourceTree = "<group>"; };
		A869C00B25E18F3200E53910 /* Base */ = {isa = PBXFileReference; lastKnownFileType = file.storyboard; name = Base; path = Base.lproj/Main.storyboard; sourceTree = "<group>"; };
		A869C00D25E18F3300E53910 /* Assets.xcassets */ = {isa = PBXFileReference; lastKnownFileType = folder.assetcatalog; path = Assets.xcassets; sourceTree = "<group>"; };
		A869C01025E18F3300E53910 /* Base */ = {isa = PBXFileReference; lastKnownFileType = file.storyboard; name = Base; path = Base.lproj/LaunchScreen.storyboard; sourceTree = "<group>"; };
		A869C01225E18F3300E53910 /* Info.plist */ = {isa = PBXFileReference; lastKnownFileType = text.plist.xml; path = Info.plist; sourceTree = "<group>"; };
		A869C01725E18F3300E53910 /* flixterTests.xctest */ = {isa = PBXFileReference; explicitFileType = wrapper.cfbundle; includeInIndex = 0; path = flixterTests.xctest; sourceTree = BUILT_PRODUCTS_DIR; };
		A869C01B25E18F3300E53910 /* flixterTests.swift */ = {isa = PBXFileReference; lastKnownFileType = sourcecode.swift; path = flixterTests.swift; sourceTree = "<group>"; };
		A869C01D25E18F3300E53910 /* Info.plist */ = {isa = PBXFileReference; lastKnownFileType = text.plist.xml; path = Info.plist; sourceTree = "<group>"; };
		A869C02225E18F3300E53910 /* flixterUITests.xctest */ = {isa = PBXFileReference; explicitFileType = wrapper.cfbundle; includeInIndex = 0; path = flixterUITests.xctest; sourceTree = BUILT_PRODUCTS_DIR; };
		A869C02625E18F3300E53910 /* flixterUITests.swift */ = {isa = PBXFileReference; lastKnownFileType = sourcecode.swift; path = flixterUITests.swift; sourceTree = "<group>"; };
		A869C02825E18F3300E53910 /* Info.plist */ = {isa = PBXFileReference; lastKnownFileType = text.plist.xml; path = Info.plist; sourceTree = "<group>"; };
		A869C03F25E1A34F00E53910 /* MoviesViewController.swift */ = {isa = PBXFileReference; lastKnownFileType = sourcecode.swift; path = MoviesViewController.swift; sourceTree = "<group>"; };
		A87851B525E1B24600A3030C /* MovieCell.swift */ = {isa = PBXFileReference; lastKnownFileType = sourcecode.swift; path = MovieCell.swift; sourceTree = "<group>"; };
		A8C38BDD25EAE64000BFA1DD /* MovieDetailsViewController.swift */ = {isa = PBXFileReference; lastKnownFileType = sourcecode.swift; path = MovieDetailsViewController.swift; sourceTree = "<group>"; };
		A8C38BE225EAF14D00BFA1DD /* MovieGridViewController.swift */ = {isa = PBXFileReference; lastKnownFileType = sourcecode.swift; path = MovieGridViewController.swift; sourceTree = "<group>"; };
		A8C38BE725EC15D300BFA1DD /* MovieGridCell.swift */ = {isa = PBXFileReference; lastKnownFileType = sourcecode.swift; path = MovieGridCell.swift; sourceTree = "<group>"; };
		AAB1EFA42F93BD52DC0E56CE /* Pods-flixter.debug.xcconfig */ = {isa = PBXFileReference; includeInIndex = 1; lastKnownFileType = text.xcconfig; name = "Pods-flixter.debug.xcconfig"; path = "Target Support Files/Pods-flixter/Pods-flixter.debug.xcconfig"; sourceTree = "<group>"; };
		CE2D5144F6AC237AA579AD64 /* Pods-flixter-flixterUITests.release.xcconfig */ = {isa = PBXFileReference; includeInIndex = 1; lastKnownFileType = text.xcconfig; name = "Pods-flixter-flixterUITests.release.xcconfig"; path = "Target Support Files/Pods-flixter-flixterUITests/Pods-flixter-flixterUITests.release.xcconfig"; sourceTree = "<group>"; };
		DC140D180F9535AACBF20159 /* Pods-flixter.release.xcconfig */ = {isa = PBXFileReference; includeInIndex = 1; lastKnownFileType = text.xcconfig; name = "Pods-flixter.release.xcconfig"; path = "Target Support Files/Pods-flixter/Pods-flixter.release.xcconfig"; sourceTree = "<group>"; };
		EF2AB482BCE13D3FAE52D11C /* Pods-flixterTests.debug.xcconfig */ = {isa = PBXFileReference; includeInIndex = 1; lastKnownFileType = text.xcconfig; name = "Pods-flixterTests.debug.xcconfig"; path = "Target Support Files/Pods-flixterTests/Pods-flixterTests.debug.xcconfig"; sourceTree = "<group>"; };
/* End PBXFileReference section */

/* Begin PBXFrameworksBuildPhase section */
		A869BFFE25E18F3200E53910 /* Frameworks */ = {
			isa = PBXFrameworksBuildPhase;
			buildActionMask = 2147483647;
			files = (
				4D3853DEA8675B44FEAD17E7 /* Pods_flixter.framework in Frameworks */,
			);
			runOnlyForDeploymentPostprocessing = 0;
		};
		A869C01425E18F3300E53910 /* Frameworks */ = {
			isa = PBXFrameworksBuildPhase;
			buildActionMask = 2147483647;
			files = (
				0A3606947346AC9059C3F6BC /* Pods_flixterTests.framework in Frameworks */,
			);
			runOnlyForDeploymentPostprocessing = 0;
		};
		A869C01F25E18F3300E53910 /* Frameworks */ = {
			isa = PBXFrameworksBuildPhase;
			buildActionMask = 2147483647;
			files = (
				D79C751F51BB5E10320412C6 /* Pods_flixter_flixterUITests.framework in Frameworks */,
			);
			runOnlyForDeploymentPostprocessing = 0;
		};
/* End PBXFrameworksBuildPhase section */

/* Begin PBXGroup section */
		3E4E356E141A3F97095B6219 /* Pods */ = {
			isa = PBXGroup;
			children = (
				AAB1EFA42F93BD52DC0E56CE /* Pods-flixter.debug.xcconfig */,
				DC140D180F9535AACBF20159 /* Pods-flixter.release.xcconfig */,
				2E0EF3F2EB64C57D4B0E37FD /* Pods-flixter-flixterUITests.debug.xcconfig */,
				CE2D5144F6AC237AA579AD64 /* Pods-flixter-flixterUITests.release.xcconfig */,
				EF2AB482BCE13D3FAE52D11C /* Pods-flixterTests.debug.xcconfig */,
				5D7403630CCF010DF9FBC87B /* Pods-flixterTests.release.xcconfig */,
			);
			path = Pods;
			sourceTree = "<group>";
		};
		A869BFF825E18F3200E53910 = {
			isa = PBXGroup;
			children = (
				A869C00325E18F3200E53910 /* flixter */,
				A869C01A25E18F3300E53910 /* flixterTests */,
				A869C02525E18F3300E53910 /* flixterUITests */,
				A869C00225E18F3200E53910 /* Products */,
				3E4E356E141A3F97095B6219 /* Pods */,
				F8A0E88B2A33CC0722AE2077 /* Frameworks */,
			);
			sourceTree = "<group>";
		};
		A869C00225E18F3200E53910 /* Products */ = {
			isa = PBXGroup;
			children = (
				A869C00125E18F3200E53910 /* flixter.app */,
				A869C01725E18F3300E53910 /* flixterTests.xctest */,
				A869C02225E18F3300E53910 /* flixterUITests.xctest */,
			);
			name = Products;
			sourceTree = "<group>";
		};
		A869C00325E18F3200E53910 /* flixter */ = {
			isa = PBXGroup;
			children = (
				A869C00425E18F3200E53910 /* AppDelegate.swift */,
				A869C00625E18F3200E53910 /* SceneDelegate.swift */,
				A869C00A25E18F3200E53910 /* Main.storyboard */,
				A869C00D25E18F3300E53910 /* Assets.xcassets */,
				A869C00F25E18F3300E53910 /* LaunchScreen.storyboard */,
				A869C01225E18F3300E53910 /* Info.plist */,
				A869C03F25E1A34F00E53910 /* MoviesViewController.swift */,
				A87851B525E1B24600A3030C /* MovieCell.swift */,
				A8C38BDD25EAE64000BFA1DD /* MovieDetailsViewController.swift */,
				A8C38BE225EAF14D00BFA1DD /* MovieGridViewController.swift */,
				A8C38BE725EC15D300BFA1DD /* MovieGridCell.swift */,
			);
			path = flixter;
			sourceTree = "<group>";
		};
		A869C01A25E18F3300E53910 /* flixterTests */ = {
			isa = PBXGroup;
			children = (
				A869C01B25E18F3300E53910 /* flixterTests.swift */,
				A869C01D25E18F3300E53910 /* Info.plist */,
			);
			path = flixterTests;
			sourceTree = "<group>";
		};
		A869C02525E18F3300E53910 /* flixterUITests */ = {
			isa = PBXGroup;
			children = (
				A869C02625E18F3300E53910 /* flixterUITests.swift */,
				A869C02825E18F3300E53910 /* Info.plist */,
			);
			path = flixterUITests;
			sourceTree = "<group>";
		};
		F8A0E88B2A33CC0722AE2077 /* Frameworks */ = {
			isa = PBXGroup;
			children = (
				3BC65DE2AB8E4F8E4526AE2F /* Pods_flixter.framework */,
				5DE0AFEABFECDBE5D1DEC802 /* Pods_flixter_flixterUITests.framework */,
				0D52CFF83DE6DCC8B8C80E69 /* Pods_flixterTests.framework */,
			);
			name = Frameworks;
			sourceTree = "<group>";
		};
/* End PBXGroup section */

/* Begin PBXNativeTarget section */
		A869C00025E18F3200E53910 /* flixter */ = {
			isa = PBXNativeTarget;
			buildConfigurationList = A869C02B25E18F3300E53910 /* Build configuration list for PBXNativeTarget "flixter" */;
			buildPhases = (
				045619AE548A36C828E9FC9D /* [CP] Check Pods Manifest.lock */,
				A869BFFD25E18F3200E53910 /* Sources */,
				A869BFFE25E18F3200E53910 /* Frameworks */,
				A869BFFF25E18F3200E53910 /* Resources */,
				79E5E815867B2199D1D10B66 /* [CP] Embed Pods Frameworks */,
			);
			buildRules = (
			);
			dependencies = (
			);
			name = flixter;
			productName = flixter;
			productReference = A869C00125E18F3200E53910 /* flixter.app */;
			productType = "com.apple.product-type.application";
		};
		A869C01625E18F3300E53910 /* flixterTests */ = {
			isa = PBXNativeTarget;
			buildConfigurationList = A869C02E25E18F3300E53910 /* Build configuration list for PBXNativeTarget "flixterTests" */;
			buildPhases = (
				C65217BE722BC1BAB0FA19E0 /* [CP] Check Pods Manifest.lock */,
				A869C01325E18F3300E53910 /* Sources */,
				A869C01425E18F3300E53910 /* Frameworks */,
				A869C01525E18F3300E53910 /* Resources */,
			);
			buildRules = (
			);
			dependencies = (
				A869C01925E18F3300E53910 /* PBXTargetDependency */,
			);
			name = flixterTests;
			productName = flixterTests;
			productReference = A869C01725E18F3300E53910 /* flixterTests.xctest */;
			productType = "com.apple.product-type.bundle.unit-test";
		};
		A869C02125E18F3300E53910 /* flixterUITests */ = {
			isa = PBXNativeTarget;
			buildConfigurationList = A869C03125E18F3300E53910 /* Build configuration list for PBXNativeTarget "flixterUITests" */;
			buildPhases = (
				5DEF145B85B330402606A11F /* [CP] Check Pods Manifest.lock */,
				A869C01E25E18F3300E53910 /* Sources */,
				A869C01F25E18F3300E53910 /* Frameworks */,
				A869C02025E18F3300E53910 /* Resources */,
				E8D50A2B49F113576B0CB8AA /* [CP] Embed Pods Frameworks */,
			);
			buildRules = (
			);
			dependencies = (
				A869C02425E18F3300E53910 /* PBXTargetDependency */,
			);
			name = flixterUITests;
			productName = flixterUITests;
			productReference = A869C02225E18F3300E53910 /* flixterUITests.xctest */;
			productType = "com.apple.product-type.bundle.ui-testing";
		};
/* End PBXNativeTarget section */

/* Begin PBXProject section */
		A869BFF925E18F3200E53910 /* Project object */ = {
			isa = PBXProject;
			attributes = {
				LastSwiftUpdateCheck = 1240;
				LastUpgradeCheck = 1240;
				TargetAttributes = {
					A869C00025E18F3200E53910 = {
						CreatedOnToolsVersion = 12.4;
					};
					A869C01625E18F3300E53910 = {
						CreatedOnToolsVersion = 12.4;
						TestTargetID = A869C00025E18F3200E53910;
					};
					A869C02125E18F3300E53910 = {
						CreatedOnToolsVersion = 12.4;
						TestTargetID = A869C00025E18F3200E53910;
					};
				};
			};
			buildConfigurationList = A869BFFC25E18F3200E53910 /* Build configuration list for PBXProject "flixter" */;
			compatibilityVersion = "Xcode 9.3";
			developmentRegion = en;
			hasScannedForEncodings = 0;
			knownRegions = (
				en,
				Base,
			);
			mainGroup = A869BFF825E18F3200E53910;
			productRefGroup = A869C00225E18F3200E53910 /* Products */;
			projectDirPath = "";
			projectRoot = "";
			targets = (
				A869C00025E18F3200E53910 /* flixter */,
				A869C01625E18F3300E53910 /* flixterTests */,
				A869C02125E18F3300E53910 /* flixterUITests */,
			);
		};
/* End PBXProject section */

/* Begin PBXResourcesBuildPhase section */
		A869BFFF25E18F3200E53910 /* Resources */ = {
			isa = PBXResourcesBuildPhase;
			buildActionMask = 2147483647;
			files = (
				A869C01125E18F3300E53910 /* LaunchScreen.storyboard in Resources */,
				A869C00E25E18F3300E53910 /* Assets.xcassets in Resources */,
				A869C00C25E18F3200E53910 /* Main.storyboard in Resources */,
			);
			runOnlyForDeploymentPostprocessing = 0;
		};
		A869C01525E18F3300E53910 /* Resources */ = {
			isa = PBXResourcesBuildPhase;
			buildActionMask = 2147483647;
			files = (
			);
			runOnlyForDeploymentPostprocessing = 0;
		};
		A869C02025E18F3300E53910 /* Resources */ = {
			isa = PBXResourcesBuildPhase;
			buildActionMask = 2147483647;
			files = (
			);
			runOnlyForDeploymentPostprocessing = 0;
		};
/* End PBXResourcesBuildPhase section */

/* Begin PBXShellScriptBuildPhase section */
		045619AE548A36C828E9FC9D /* [CP] Check Pods Manifest.lock */ = {
			isa = PBXShellScriptBuildPhase;
			buildActionMask = 2147483647;
			files = (
			);
			inputFileListPaths = (
			);
			inputPaths = (
				"${PODS_PODFILE_DIR_PATH}/Podfile.lock",
				"${PODS_ROOT}/Manifest.lock",
			);
			name = "[CP] Check Pods Manifest.lock";
			outputFileListPaths = (
			);
			outputPaths = (
				"$(DERIVED_FILE_DIR)/Pods-flixter-checkManifestLockResult.txt",
			);
			runOnlyForDeploymentPostprocessing = 0;
			shellPath = /bin/sh;
			shellScript = "diff \"${PODS_PODFILE_DIR_PATH}/Podfile.lock\" \"${PODS_ROOT}/Manifest.lock\" > /dev/null\nif [ $? != 0 ] ; then\n    # print error to STDERR\n    echo \"error: The sandbox is not in sync with the Podfile.lock. Run 'pod install' or update your CocoaPods installation.\" >&2\n    exit 1\nfi\n# This output is used by Xcode 'outputs' to avoid re-running this script phase.\necho \"SUCCESS\" > \"${SCRIPT_OUTPUT_FILE_0}\"\n";
			showEnvVarsInLog = 0;
		};
		5DEF145B85B330402606A11F /* [CP] Check Pods Manifest.lock */ = {
			isa = PBXShellScriptBuildPhase;
			buildActionMask = 2147483647;
			files = (
			);
			inputFileListPaths = (
			);
			inputPaths = (
				"${PODS_PODFILE_DIR_PATH}/Podfile.lock",
				"${PODS_ROOT}/Manifest.lock",
			);
			name = "[CP] Check Pods Manifest.lock";
			outputFileListPaths = (
			);
			outputPaths = (
				"$(DERIVED_FILE_DIR)/Pods-flixter-flixterUITests-checkManifestLockResult.txt",
			);
			runOnlyForDeploymentPostprocessing = 0;
			shellPath = /bin/sh;
			shellScript = "diff \"${PODS_PODFILE_DIR_PATH}/Podfile.lock\" \"${PODS_ROOT}/Manifest.lock\" > /dev/null\nif [ $? != 0 ] ; then\n    # print error to STDERR\n    echo \"error: The sandbox is not in sync with the Podfile.lock. Run 'pod install' or update your CocoaPods installation.\" >&2\n    exit 1\nfi\n# This output is used by Xcode 'outputs' to avoid re-running this script phase.\necho \"SUCCESS\" > \"${SCRIPT_OUTPUT_FILE_0}\"\n";
			showEnvVarsInLog = 0;
		};
		79E5E815867B2199D1D10B66 /* [CP] Embed Pods Frameworks */ = {
			isa = PBXShellScriptBuildPhase;
			buildActionMask = 2147483647;
			files = (
			);
			inputFileListPaths = (
				"${PODS_ROOT}/Target Support Files/Pods-flixter/Pods-flixter-frameworks-${CONFIGURATION}-input-files.xcfilelist",
			);
			name = "[CP] Embed Pods Frameworks";
			outputFileListPaths = (
				"${PODS_ROOT}/Target Support Files/Pods-flixter/Pods-flixter-frameworks-${CONFIGURATION}-output-files.xcfilelist",
			);
			runOnlyForDeploymentPostprocessing = 0;
			shellPath = /bin/sh;
			shellScript = "\"${PODS_ROOT}/Target Support Files/Pods-flixter/Pods-flixter-frameworks.sh\"\n";
			showEnvVarsInLog = 0;
		};
		C65217BE722BC1BAB0FA19E0 /* [CP] Check Pods Manifest.lock */ = {
			isa = PBXShellScriptBuildPhase;
			buildActionMask = 2147483647;
			files = (
			);
			inputFileListPaths = (
			);
			inputPaths = (
				"${PODS_PODFILE_DIR_PATH}/Podfile.lock",
				"${PODS_ROOT}/Manifest.lock",
			);
			name = "[CP] Check Pods Manifest.lock";
			outputFileListPaths = (
			);
			outputPaths = (
				"$(DERIVED_FILE_DIR)/Pods-flixterTests-checkManifestLockResult.txt",
			);
			runOnlyForDeploymentPostprocessing = 0;
			shellPath = /bin/sh;
			shellScript = "diff \"${PODS_PODFILE_DIR_PATH}/Podfile.lock\" \"${PODS_ROOT}/Manifest.lock\" > /dev/null\nif [ $? != 0 ] ; then\n    # print error to STDERR\n    echo \"error: The sandbox is not in sync with the Podfile.lock. Run 'pod install' or update your CocoaPods installation.\" >&2\n    exit 1\nfi\n# This output is used by Xcode 'outputs' to avoid re-running this script phase.\necho \"SUCCESS\" > \"${SCRIPT_OUTPUT_FILE_0}\"\n";
			showEnvVarsInLog = 0;
		};
		E8D50A2B49F113576B0CB8AA /* [CP] Embed Pods Frameworks */ = {
			isa = PBXShellScriptBuildPhase;
			buildActionMask = 2147483647;
			files = (
			);
			inputFileListPaths = (
				"${PODS_ROOT}/Target Support Files/Pods-flixter-flixterUITests/Pods-flixter-flixterUITests-frameworks-${CONFIGURATION}-input-files.xcfilelist",
			);
			name = "[CP] Embed Pods Frameworks";
			outputFileListPaths = (
				"${PODS_ROOT}/Target Support Files/Pods-flixter-flixterUITests/Pods-flixter-flixterUITests-frameworks-${CONFIGURATION}-output-files.xcfilelist",
			);
			runOnlyForDeploymentPostprocessing = 0;
			shellPath = /bin/sh;
			shellScript = "\"${PODS_ROOT}/Target Support Files/Pods-flixter-flixterUITests/Pods-flixter-flixterUITests-frameworks.sh\"\n";
			showEnvVarsInLog = 0;
		};
/* End PBXShellScriptBuildPhase section */

/* Begin PBXSourcesBuildPhase section */
		A869BFFD25E18F3200E53910 /* Sources */ = {
			isa = PBXSourcesBuildPhase;
			buildActionMask = 2147483647;
			files = (
				A8C38BDE25EAE64000BFA1DD /* MovieDetailsViewController.swift in Sources */,
				A869C00525E18F3200E53910 /* AppDelegate.swift in Sources */,
				A869C00725E18F3200E53910 /* SceneDelegate.swift in Sources */,
				A87851B625E1B24600A3030C /* MovieCell.swift in Sources */,
				A869C04025E1A34F00E53910 /* MoviesViewController.swift in Sources */,
				A8C38BE325EAF14D00BFA1DD /* MovieGridViewController.swift in Sources */,
				A8C38BE825EC15D300BFA1DD /* MovieGridCell.swift in Sources */,
			);
			runOnlyForDeploymentPostprocessing = 0;
		};
		A869C01325E18F3300E53910 /* Sources */ = {
			isa = PBXSourcesBuildPhase;
			buildActionMask = 2147483647;
			files = (
				A869C01C25E18F3300E53910 /* flixterTests.swift in Sources */,
			);
			runOnlyForDeploymentPostprocessing = 0;
		};
		A869C01E25E18F3300E53910 /* Sources */ = {
			isa = PBXSourcesBuildPhase;
			buildActionMask = 2147483647;
			files = (
				A869C02725E18F3300E53910 /* flixterUITests.swift in Sources */,
			);
			runOnlyForDeploymentPostprocessing = 0;
		};
/* End PBXSourcesBuildPhase section */

/* Begin PBXTargetDependency section */
		A869C01925E18F3300E53910 /* PBXTargetDependency */ = {
			isa = PBXTargetDependency;
			target = A869C00025E18F3200E53910 /* flixter */;
			targetProxy = A869C01825E18F3300E53910 /* PBXContainerItemProxy */;
		};
		A869C02425E18F3300E53910 /* PBXTargetDependency */ = {
			isa = PBXTargetDependency;
			target = A869C00025E18F3200E53910 /* flixter */;
			targetProxy = A869C02325E18F3300E53910 /* PBXContainerItemProxy */;
		};
/* End PBXTargetDependency section */

/* Begin PBXVariantGroup section */
		A869C00A25E18F3200E53910 /* Main.storyboard */ = {
			isa = PBXVariantGroup;
			children = (
				A869C00B25E18F3200E53910 /* Base */,
			);
			name = Main.storyboard;
			sourceTree = "<group>";
		};
		A869C00F25E18F3300E53910 /* LaunchScreen.storyboard */ = {
			isa = PBXVariantGroup;
			children = (
				A869C01025E18F3300E53910 /* Base */,
			);
			name = LaunchScreen.storyboard;
			sourceTree = "<group>";
		};
/* End PBXVariantGroup section */

/* Begin XCBuildConfiguration section */
		A869C02925E18F3300E53910 /* Debug */ = {
			isa = XCBuildConfiguration;
			buildSettings = {
				ALWAYS_SEARCH_USER_PATHS = NO;
				CLANG_ANALYZER_NONNULL = YES;
				CLANG_ANALYZER_NUMBER_OBJECT_CONVERSION = YES_AGGRESSIVE;
				CLANG_CXX_LANGUAGE_STANDARD = "gnu++14";
				CLANG_CXX_LIBRARY = "libc++";
				CLANG_ENABLE_MODULES = YES;
				CLANG_ENABLE_OBJC_ARC = YES;
				CLANG_ENABLE_OBJC_WEAK = YES;
				CLANG_WARN_BLOCK_CAPTURE_AUTORELEASING = YES;
				CLANG_WARN_BOOL_CONVERSION = YES;
				CLANG_WARN_COMMA = YES;
				CLANG_WARN_CONSTANT_CONVERSION = YES;
				CLANG_WARN_DEPRECATED_OBJC_IMPLEMENTATIONS = YES;
				CLANG_WARN_DIRECT_OBJC_ISA_USAGE = YES_ERROR;
				CLANG_WARN_DOCUMENTATION_COMMENTS = YES;
				CLANG_WARN_EMPTY_BODY = YES;
				CLANG_WARN_ENUM_CONVERSION = YES;
				CLANG_WARN_INFINITE_RECURSION = YES;
				CLANG_WARN_INT_CONVERSION = YES;
				CLANG_WARN_NON_LITERAL_NULL_CONVERSION = YES;
				CLANG_WARN_OBJC_IMPLICIT_RETAIN_SELF = YES;
				CLANG_WARN_OBJC_LITERAL_CONVERSION = YES;
				CLANG_WARN_OBJC_ROOT_CLASS = YES_ERROR;
				CLANG_WARN_QUOTED_INCLUDE_IN_FRAMEWORK_HEADER = YES;
				CLANG_WARN_RANGE_LOOP_ANALYSIS = YES;
				CLANG_WARN_STRICT_PROTOTYPES = YES;
				CLANG_WARN_SUSPICIOUS_MOVE = YES;
				CLANG_WARN_UNGUARDED_AVAILABILITY = YES_AGGRESSIVE;
				CLANG_WARN_UNREACHABLE_CODE = YES;
				CLANG_WARN__DUPLICATE_METHOD_MATCH = YES;
				COPY_PHASE_STRIP = NO;
				DEBUG_INFORMATION_FORMAT = dwarf;
				ENABLE_STRICT_OBJC_MSGSEND = YES;
				ENABLE_TESTABILITY = YES;
				GCC_C_LANGUAGE_STANDARD = gnu11;
				GCC_DYNAMIC_NO_PIC = NO;
				GCC_NO_COMMON_BLOCKS = YES;
				GCC_OPTIMIZATION_LEVEL = 0;
				GCC_PREPROCESSOR_DEFINITIONS = (
					"DEBUG=1",
					"$(inherited)",
				);
				GCC_WARN_64_TO_32_BIT_CONVERSION = YES;
				GCC_WARN_ABOUT_RETURN_TYPE = YES_ERROR;
				GCC_WARN_UNDECLARED_SELECTOR = YES;
				GCC_WARN_UNINITIALIZED_AUTOS = YES_AGGRESSIVE;
				GCC_WARN_UNUSED_FUNCTION = YES;
				GCC_WARN_UNUSED_VARIABLE = YES;
				IPHONEOS_DEPLOYMENT_TARGET = 14.4;
				MTL_ENABLE_DEBUG_INFO = INCLUDE_SOURCE;
				MTL_FAST_MATH = YES;
				ONLY_ACTIVE_ARCH = YES;
				SDKROOT = iphoneos;
				SWIFT_ACTIVE_COMPILATION_CONDITIONS = DEBUG;
				SWIFT_OPTIMIZATION_LEVEL = "-Onone";
			};
			name = Debug;
		};
		A869C02A25E18F3300E53910 /* Release */ = {
			isa = XCBuildConfiguration;
			buildSettings = {
				ALWAYS_SEARCH_USER_PATHS = NO;
				CLANG_ANALYZER_NONNULL = YES;
				CLANG_ANALYZER_NUMBER_OBJECT_CONVERSION = YES_AGGRESSIVE;
				CLANG_CXX_LANGUAGE_STANDARD = "gnu++14";
				CLANG_CXX_LIBRARY = "libc++";
				CLANG_ENABLE_MODULES = YES;
				CLANG_ENABLE_OBJC_ARC = YES;
				CLANG_ENABLE_OBJC_WEAK = YES;
				CLANG_WARN_BLOCK_CAPTURE_AUTORELEASING = YES;
				CLANG_WARN_BOOL_CONVERSION = YES;
				CLANG_WARN_COMMA = YES;
				CLANG_WARN_CONSTANT_CONVERSION = YES;
				CLANG_WARN_DEPRECATED_OBJC_IMPLEMENTATIONS = YES;
				CLANG_WARN_DIRECT_OBJC_ISA_USAGE = YES_ERROR;
				CLANG_WARN_DOCUMENTATION_COMMENTS = YES;
				CLANG_WARN_EMPTY_BODY = YES;
				CLANG_WARN_ENUM_CONVERSION = YES;
				CLANG_WARN_INFINITE_RECURSION = YES;
				CLANG_WARN_INT_CONVERSION = YES;
				CLANG_WARN_NON_LITERAL_NULL_CONVERSION = YES;
				CLANG_WARN_OBJC_IMPLICIT_RETAIN_SELF = YES;
				CLANG_WARN_OBJC_LITERAL_CONVERSION = YES;
				CLANG_WARN_OBJC_ROOT_CLASS = YES_ERROR;
				CLANG_WARN_QUOTED_INCLUDE_IN_FRAMEWORK_HEADER = YES;
				CLANG_WARN_RANGE_LOOP_ANALYSIS = YES;
				CLANG_WARN_STRICT_PROTOTYPES = YES;
				CLANG_WARN_SUSPICIOUS_MOVE = YES;
				CLANG_WARN_UNGUARDED_AVAILABILITY = YES_AGGRESSIVE;
				CLANG_WARN_UNREACHABLE_CODE = YES;
				CLANG_WARN__DUPLICATE_METHOD_MATCH = YES;
				COPY_PHASE_STRIP = NO;
				DEBUG_INFORMATION_FORMAT = "dwarf-with-dsym";
				ENABLE_NS_ASSERTIONS = NO;
				ENABLE_STRICT_OBJC_MSGSEND = YES;
				GCC_C_LANGUAGE_STANDARD = gnu11;
				GCC_NO_COMMON_BLOCKS = YES;
				GCC_WARN_64_TO_32_BIT_CONVERSION = YES;
				GCC_WARN_ABOUT_RETURN_TYPE = YES_ERROR;
				GCC_WARN_UNDECLARED_SELECTOR = YES;
				GCC_WARN_UNINITIALIZED_AUTOS = YES_AGGRESSIVE;
				GCC_WARN_UNUSED_FUNCTION = YES;
				GCC_WARN_UNUSED_VARIABLE = YES;
				IPHONEOS_DEPLOYMENT_TARGET = 14.4;
				MTL_ENABLE_DEBUG_INFO = NO;
				MTL_FAST_MATH = YES;
				SDKROOT = iphoneos;
				SWIFT_COMPILATION_MODE = wholemodule;
				SWIFT_OPTIMIZATION_LEVEL = "-O";
				VALIDATE_PRODUCT = YES;
			};
			name = Release;
		};
		A869C02C25E18F3300E53910 /* Debug */ = {
			isa = XCBuildConfiguration;
			baseConfigurationReference = AAB1EFA42F93BD52DC0E56CE /* Pods-flixter.debug.xcconfig */;
			buildSettings = {
				ASSETCATALOG_COMPILER_APPICON_NAME = AppIcon;
				ASSETCATALOG_COMPILER_GLOBAL_ACCENT_COLOR_NAME = AccentColor;
				CODE_SIGN_STYLE = Automatic;
				DEVELOPMENT_TEAM = DSJNX2C8V8;
				INFOPLIST_FILE = flixter/Info.plist;
				LD_RUNPATH_SEARCH_PATHS = (
					"$(inherited)",
					"@executable_path/Frameworks",
				);
				PRODUCT_BUNDLE_IDENTIFIER = asushanth.flixter;
				PRODUCT_NAME = "$(TARGET_NAME)";
				SWIFT_VERSION = 5.0;
				TARGETED_DEVICE_FAMILY = "1,2";
			};
			name = Debug;
		};
		A869C02D25E18F3300E53910 /* Release */ = {
			isa = XCBuildConfiguration;
			baseConfigurationReference = DC140D180F9535AACBF20159 /* Pods-flixter.release.xcconfig */;
			buildSettings = {
				ASSETCATALOG_COMPILER_APPICON_NAME = AppIcon;
				ASSETCATALOG_COMPILER_GLOBAL_ACCENT_COLOR_NAME = AccentColor;
				CODE_SIGN_STYLE = Automatic;
				DEVELOPMENT_TEAM = DSJNX2C8V8;
				INFOPLIST_FILE = flixter/Info.plist;
				LD_RUNPATH_SEARCH_PATHS = (
					"$(inherited)",
					"@executable_path/Frameworks",
				);
				PRODUCT_BUNDLE_IDENTIFIER = asushanth.flixter;
				PRODUCT_NAME = "$(TARGET_NAME)";
				SWIFT_VERSION = 5.0;
				TARGETED_DEVICE_FAMILY = "1,2";
			};
			name = Release;
		};
		A869C02F25E18F3300E53910 /* Debug */ = {
			isa = XCBuildConfiguration;
			baseConfigurationReference = EF2AB482BCE13D3FAE52D11C /* Pods-flixterTests.debug.xcconfig */;
			buildSettings = {
				ALWAYS_EMBED_SWIFT_STANDARD_LIBRARIES = YES;
				BUNDLE_LOADER = "$(TEST_HOST)";
				CODE_SIGN_STYLE = Automatic;
				DEVELOPMENT_TEAM = DSJNX2C8V8;
				INFOPLIST_FILE = flixterTests/Info.plist;
				IPHONEOS_DEPLOYMENT_TARGET = 14.4;
				LD_RUNPATH_SEARCH_PATHS = (
					"$(inherited)",
					"@executable_path/Frameworks",
					"@loader_path/Frameworks",
				);
				PRODUCT_BUNDLE_IDENTIFIER = asushanth.flixterTests;
				PRODUCT_NAME = "$(TARGET_NAME)";
				SWIFT_VERSION = 5.0;
				TARGETED_DEVICE_FAMILY = "1,2";
				TEST_HOST = "$(BUILT_PRODUCTS_DIR)/flixter.app/flixter";
			};
			name = Debug;
		};
		A869C03025E18F3300E53910 /* Release */ = {
			isa = XCBuildConfiguration;
			baseConfigurationReference = 5D7403630CCF010DF9FBC87B /* Pods-flixterTests.release.xcconfig */;
			buildSettings = {
				ALWAYS_EMBED_SWIFT_STANDARD_LIBRARIES = YES;
				BUNDLE_LOADER = "$(TEST_HOST)";
				CODE_SIGN_STYLE = Automatic;
				DEVELOPMENT_TEAM = DSJNX2C8V8;
				INFOPLIST_FILE = flixterTests/Info.plist;
				IPHONEOS_DEPLOYMENT_TARGET = 14.4;
				LD_RUNPATH_SEARCH_PATHS = (
					"$(inherited)",
					"@executable_path/Frameworks",
					"@loader_path/Frameworks",
				);
				PRODUCT_BUNDLE_IDENTIFIER = asushanth.flixterTests;
				PRODUCT_NAME = "$(TARGET_NAME)";
				SWIFT_VERSION = 5.0;
				TARGETED_DEVICE_FAMILY = "1,2";
				TEST_HOST = "$(BUILT_PRODUCTS_DIR)/flixter.app/flixter";
			};
			name = Release;
		};
		A869C03225E18F3300E53910 /* Debug */ = {
			isa = XCBuildConfiguration;
			baseConfigurationReference = 2E0EF3F2EB64C57D4B0E37FD /* Pods-flixter-flixterUITests.debug.xcconfig */;
			buildSettings = {
				ALWAYS_EMBED_SWIFT_STANDARD_LIBRARIES = YES;
				CODE_SIGN_STYLE = Automatic;
				DEVELOPMENT_TEAM = DSJNX2C8V8;
				INFOPLIST_FILE = flixterUITests/Info.plist;
				LD_RUNPATH_SEARCH_PATHS = (
					"$(inherited)",
					"@executable_path/Frameworks",
					"@loader_path/Frameworks",
				);
				PRODUCT_BUNDLE_IDENTIFIER = asushanth.flixterUITests;
				PRODUCT_NAME = "$(TARGET_NAME)";
				SWIFT_VERSION = 5.0;
				TARGETED_DEVICE_FAMILY = "1,2";
				TEST_TARGET_NAME = flixter;
			};
			name = Debug;
		};
		A869C03325E18F3300E53910 /* Release */ = {
			isa = XCBuildConfiguration;
			baseConfigurationReference = CE2D5144F6AC237AA579AD64 /* Pods-flixter-flixterUITests.release.xcconfig */;
			buildSettings = {
				ALWAYS_EMBED_SWIFT_STANDARD_LIBRARIES = YES;
				CODE_SIGN_STYLE = Automatic;
				DEVELOPMENT_TEAM = DSJNX2C8V8;
				INFOPLIST_FILE = flixterUITests/Info.plist;
				LD_RUNPATH_SEARCH_PATHS = (
					"$(inherited)",
					"@executable_path/Frameworks",
					"@loader_path/Frameworks",
				);
				PRODUCT_BUNDLE_IDENTIFIER = asushanth.flixterUITests;
				PRODUCT_NAME = "$(TARGET_NAME)";
				SWIFT_VERSION = 5.0;
				TARGETED_DEVICE_FAMILY = "1,2";
				TEST_TARGET_NAME = flixter;
			};
			name = Release;
		};
/* End XCBuildConfiguration section */

/* Begin XCConfigurationList section */
		A869BFFC25E18F3200E53910 /* Build configuration list for PBXProject "flixter" */ = {
			isa = XCConfigurationList;
			buildConfigurations = (
				A869C02925E18F3300E53910 /* Debug */,
				A869C02A25E18F3300E53910 /* Release */,
			);
			defaultConfigurationIsVisible = 0;
			defaultConfigurationName = Release;
		};
		A869C02B25E18F3300E53910 /* Build configuration list for PBXNativeTarget "flixter" */ = {
			isa = XCConfigurationList;
			buildConfigurations = (
				A869C02C25E18F3300E53910 /* Debug */,
				A869C02D25E18F3300E53910 /* Release */,
			);
			defaultConfigurationIsVisible = 0;
			defaultConfigurationName = Release;
		};
		A869C02E25E18F3300E53910 /* Build configuration list for PBXNativeTarget "flixterTests" */ = {
			isa = XCConfigurationList;
			buildConfigurations = (
				A869C02F25E18F3300E53910 /* Debug */,
				A869C03025E18F3300E53910 /* Release */,
			);
			defaultConfigurationIsVisible = 0;
			defaultConfigurationName = Release;
		};
		A869C03125E18F3300E53910 /* Build configuration list for PBXNativeTarget "flixterUITests" */ = {
			isa = XCConfigurationList;
			buildConfigurations = (
				A869C03225E18F3300E53910 /* Debug */,
				A869C03325E18F3300E53910 /* Release */,
			);
			defaultConfigurationIsVisible = 0;
			defaultConfigurationName = Release;
		};
/* End XCConfigurationList section */
	};
	rootObject = A869BFF925E18F3200E53910 /* Project object */;
}
