// !$*UTF8*$!
{
	archiveVersion = 1;
	classes = {
	};
	objectVersion = 50;
	objects = {

/* Begin PBXBuildFile section */
		A869C00525E18F3200E53910 /* AppDelegate.swift in Sources */ = {isa = PBXBuildFile; fileRef = A869C00425E18F3200E53910 /* AppDelegate.swift */; };
		A869C00725E18F3200E53910 /* SceneDelegate.swift in Sources */ = {isa = PBXBuildFile; fileRef = A869C00625E18F3200E53910 /* SceneDelegate.swift */; };
		A869C00925E18F3200E53910 /* ViewController.swift in Sources */ = {isa = PBXBuildFile; fileRef = A869C00825E18F3200E53910 /* ViewController.swift */; };
		A869C00C25E18F3200E53910 /* Main.storyboard in Resources */ = {isa = PBXBuildFile; fileRef = A869C00A25E18F3200E53910 /* Main.storyboard */; };
		A869C00E25E18F3300E53910 /* Assets.xcassets in Resources */ = {isa = PBXBuildFile; fileRef = A869C00D25E18F3300E53910 /* Assets.xcassets */; };
		A869C01125E18F3300E53910 /* LaunchScreen.storyboard in Resources */ = {isa = PBXBuildFile; fileRef = A869C00F25E18F3300E53910 /* LaunchScreen.storyboard */; };
		A869C01C25E18F3300E53910 /* flixterTests.swift in Sources */ = {isa = PBXBuildFile; fileRef = A869C01B25E18F3300E53910 /* flixterTests.swift */; };
		A869C02725E18F3300E53910 /* flixterUITests.swift in Sources */ = {isa = PBXBuildFile; fileRef = A869C02625E18F3300E53910 /* flixterUITests.swift */; };
/* End PBXBuildFile section */

/* Begin PBXContainerItemProxy section */
		A869C01825E18F3300E53910 /* PBXContainerItemProxy */ = {
			isa = PBXContainerItemProxy;
			containerPortal = A869BFF925E18F3200E53910 /* Project object */;
			proxyType = 1;
			remoteGlobalIDString = A869C00025E18F3200E53910;
			remoteInfo = flixter;
		};
		A869C02325E18F3300E53910 /* PBXContainerItemProxy */ = {
			isa = PBXContainerItemProxy;
			containerPortal = A869BFF925E18F3200E53910 /* Project object */;
			proxyType = 1;
			remoteGlobalIDString = A869C00025E18F3200E53910;
			remoteInfo = flixter;
		};
/* End PBXContainerItemProxy section */

/* Begin PBXFileReference section */
		A869C00125E18F3200E53910 /* flixter.app */ = {isa = PBXFileReference; explicitFileType = wrapper.application; includeInIndex = 0; path = flixter.app; sourceTree = BUILT_PRODUCTS_DIR; };
		A869C00425E18F3200E53910 /* AppDelegate.swift */ = {isa = PBXFileReference; lastKnownFileType = sourcecode.swift; path = AppDelegate.swift; sourceTree = "<group>"; };
		A869C00625E18F3200E53910 /* SceneDelegate.swift */ = {isa = PBXFileReference; lastKnownFileType = sourcecode.swift; path = SceneDelegate.swift; sourceTree = "<group>"; };
		A869C00825E18F3200E53910 /* ViewController.swift */ = {isa = PBXFileReference; lastKnownFileType = sourcecode.swift; path = ViewController.swift; sourceTree = "<group>"; };
		A869C00B25E18F3200E53910 /* Base */ = {isa = PBXFileReference; lastKnownFileType = file.storyboard; name = Base; path = Base.lproj/Main.storyboard; sourceTree = "<group>"; };
		A869C00D25E18F3300E53910 /* Assets.xcassets */ = {isa = PBXFileReference; lastKnownFileType = folder.assetcatalog; path = Assets.xcassets; sourceTree = "<group>"; };
		A869C01025E18F3300E53910 /* Base */ = {isa = PBXFileReference; lastKnownFileType = file.storyboard; name = Base; path = Base.lproj/LaunchScreen.storyboard; sourceTree = "<group>"; };
		A869C01225E18F3300E53910 /* Info.plist */ = {isa = PBXFileReference; lastKnownFileType = text.plist.xml; path = Info.plist; sourceTree = "<group>"; };
		A869C01725E18F3300E53910 /* flixterTests.xctest */ = {isa = PBXFileReference; explicitFileType = wrapper.cfbundle; includeInIndex = 0; path = flixterTests.xctest; sourceTree = BUILT_PRODUCTS_DIR; };
		A869C01B25E18F3300E53910 /* flixterTests.swift */ = {isa = PBXFileReference; lastKnownFileType = sourcecode.swift; path = flixterTests.swift; sourceTree = "<group>"; };
		A869C01D25E18F3300E53910 /* Info.plist */ = {isa = PBXFileReference; lastKnownFileType = text.plist.xml; path = Info.plist; sourceTree = "<group>"; };
		A869C02225E18F3300E53910 /* flixterUITests.xctest */ = {isa = PBXFileReference; explicitFileType = wrapper.cfbundle; includeInIndex = 0; path = flixterUITests.xctest; sourceTree = BUILT_PRODUCTS_DIR; };
		A869C02625E18F3300E53910 /* flixterUITests.swift */ = {isa = PBXFileReference; lastKnownFileType = sourcecode.swift; path = flixterUITests.swift; sourceTree = "<group>"; };
		A869C02825E18F3300E53910 /* Info.plist */ = {isa = PBXFileReference; lastKnownFileType = text.plist.xml; path = Info.plist; sourceTree = "<group>"; };
/* End PBXFileReference section */

/* Begin PBXFrameworksBuildPhase section */
		A869BFFE25E18F3200E53910 /* Frameworks */ = {
			isa = PBXFrameworksBuildPhase;
			buildActionMask = 2147483647;
			files = (
			);
			runOnlyForDeploymentPostprocessing = 0;
		};
		A869C01425E18F3300E53910 /* Frameworks */ = {
			isa = PBXFrameworksBuildPhase;
			buildActionMask = 2147483647;
			files = (
			);
			runOnlyForDeploymentPostprocessing = 0;
		};
		A869C01F25E18F3300E53910 /* Frameworks */ = {
			isa = PBXFrameworksBuildPhase;
			buildActionMask = 2147483647;
			files = (
			);
			runOnlyForDeploymentPostprocessing = 0;
		};
/* End PBXFrameworksBuildPhase section */

/* Begin PBXGroup section */
		A869BFF825E18F3200E53910 = {
			isa = PBXGroup;
			children = (
				A869C00325E18F3200E53910 /* flixter */,
				A869C01A25E18F3300E53910 /* flixterTests */,
				A869C02525E18F3300E53910 /* flixterUITests */,
				A869C00225E18F3200E53910 /* Products */,
			);
			sourceTree = "<group>";
		};
		A869C00225E18F3200E53910 /* Products */ = {
			isa = PBXGroup;
			children = (
				A869C00125E18F3200E53910 /* flixter.app */,
				A869C01725E18F3300E53910 /* flixterTests.xctest */,
				A869C02225E18F3300E53910 /* flixterUITests.xctest */,
			);
			name = Products;
			sourceTree = "<group>";
		};
		A869C00325E18F3200E53910 /* flixter */ = {
			isa = PBXGroup;
			children = (
				A869C00425E18F3200E53910 /* AppDelegate.swift */,
				A869C00625E18F3200E53910 /* SceneDelegate.swift */,
				A869C00825E18F3200E53910 /* ViewController.swift */,
				A869C00A25E18F3200E53910 /* Main.storyboard */,
				A869C00D25E18F3300E53910 /* Assets.xcassets */,
				A869C00F25E18F3300E53910 /* LaunchScreen.storyboard */,
				A869C01225E18F3300E53910 /* Info.plist */,
			);
			path = flixter;
			sourceTree = "<group>";
		};
		A869C01A25E18F3300E53910 /* flixterTests */ = {
			isa = PBXGroup;
			children = (
				A869C01B25E18F3300E53910 /* flixterTests.swift */,
				A869C01D25E18F3300E53910 /* Info.plist */,
			);
			path = flixterTests;
			sourceTree = "<group>";
		};
		A869C02525E18F3300E53910 /* flixterUITests */ = {
			isa = PBXGroup;
			children = (
				A869C02625E18F3300E53910 /* flixterUITests.swift */,
				A869C02825E18F3300E53910 /* Info.plist */,
			);
			path = flixterUITests;
			sourceTree = "<group>";
		};
/* End PBXGroup section */

/* Begin PBXNativeTarget section */
		A869C00025E18F3200E53910 /* flixter */ = {
			isa = PBXNativeTarget;
			buildConfigurationList = A869C02B25E18F3300E53910 /* Build configuration list for PBXNativeTarget "flixter" */;
			buildPhases = (
				A869BFFD25E18F3200E53910 /* Sources */,
				A869BFFE25E18F3200E53910 /* Frameworks */,
				A869BFFF25E18F3200E53910 /* Resources */,
			);
			buildRules = (
			);
			dependencies = (
			);
			name = flixter;
			productName = flixter;
			productReference = A869C00125E18F3200E53910 /* flixter.app */;
			productType = "com.apple.product-type.application";
		};
		A869C01625E18F3300E53910 /* flixterTests */ = {
			isa = PBXNativeTarget;
			buildConfigurationList = A869C02E25E18F3300E53910 /* Build configuration list for PBXNativeTarget "flixterTests" */;
			buildPhases = (
				A869C01325E18F3300E53910 /* Sources */,
				A869C01425E18F3300E53910 /* Frameworks */,
				A869C01525E18F3300E53910 /* Resources */,
			);
			buildRules = (
			);
			dependencies = (
				A869C01925E18F3300E53910 /* PBXTargetDependency */,
			);
			name = flixterTests;
			productName = flixterTests;
			productReference = A869C01725E18F3300E53910 /* flixterTests.xctest */;
			productType = "com.apple.product-type.bundle.unit-test";
		};
		A869C02125E18F3300E53910 /* flixterUITests */ = {
			isa = PBXNativeTarget;
			buildConfigurationList = A869C03125E18F3300E53910 /* Build configuration list for PBXNativeTarget "flixterUITests" */;
			buildPhases = (
				A869C01E25E18F3300E53910 /* Sources */,
				A869C01F25E18F3300E53910 /* Frameworks */,
				A869C02025E18F3300E53910 /* Resources */,
			);
			buildRules = (
			);
			dependencies = (
				A869C02425E18F3300E53910 /* PBXTargetDependency */,
			);
			name = flixterUITests;
			productName = flixterUITests;
			productReference = A869C02225E18F3300E53910 /* flixterUITests.xctest */;
			productType = "com.apple.product-type.bundle.ui-testing";
		};
/* End PBXNativeTarget section */

/* Begin PBXProject section */
		A869BFF925E18F3200E53910 /* Project object */ = {
			isa = PBXProject;
			attributes = {
				LastSwiftUpdateCheck = 1240;
				LastUpgradeCheck = 1240;
				TargetAttributes = {
					A869C00025E18F3200E53910 = {
						CreatedOnToolsVersion = 12.4;
					};
					A869C01625E18F3300E53910 = {
						CreatedOnToolsVersion = 12.4;
						TestTargetID = A869C00025E18F3200E53910;
					};
					A869C02125E18F3300E53910 = {
						CreatedOnToolsVersion = 12.4;
						TestTargetID = A869C00025E18F3200E53910;
					};
				};
			};
			buildConfigurationList = A869BFFC25E18F3200E53910 /* Build configuration list for PBXProject "flixter" */;
			compatibilityVersion = "Xcode 9.3";
			developmentRegion = en;
			hasScannedForEncodings = 0;
			knownRegions = (
				en,
				Base,
			);
			mainGroup = A869BFF825E18F3200E53910;
			productRefGroup = A869C00225E18F3200E53910 /* Products */;
			projectDirPath = "";
			projectRoot = "";
			targets = (
				A869C00025E18F3200E53910 /* flixter */,
				A869C01625E18F3300E53910 /* flixterTests */,
				A869C02125E18F3300E53910 /* flixterUITests */,
			);
		};
/* End PBXProject section */

/* Begin PBXResourcesBuildPhase section */
		A869BFFF25E18F3200E53910 /* Resources */ = {
			isa = PBXResourcesBuildPhase;
			buildActionMask = 2147483647;
			files = (
				A869C01125E18F3300E53910 /* LaunchScreen.storyboard in Resources */,
				A869C00E25E18F3300E53910 /* Assets.xcassets in Resources */,
				A869C00C25E18F3200E53910 /* Main.storyboard in Resources */,
			);
			runOnlyForDeploymentPostprocessing = 0;
		};
		A869C01525E18F3300E53910 /* Resources */ = {
			isa = PBXResourcesBuildPhase;
			buildActionMask = 2147483647;
			files = (
			);
			runOnlyForDeploymentPostprocessing = 0;
		};
		A869C02025E18F3300E53910 /* Resources */ = {
			isa = PBXResourcesBuildPhase;
			buildActionMask = 2147483647;
			files = (
			);
			runOnlyForDeploymentPostprocessing = 0;
		};
/* End PBXResourcesBuildPhase section */

/* Begin PBXSourcesBuildPhase section */
		A869BFFD25E18F3200E53910 /* Sources */ = {
			isa = PBXSourcesBuildPhase;
			buildActionMask = 2147483647;
			files = (
				A869C00925E18F3200E53910 /* ViewController.swift in Sources */,
				A869C00525E18F3200E53910 /* AppDelegate.swift in Sources */,
				A869C00725E18F3200E53910 /* SceneDelegate.swift in Sources */,
			);
			runOnlyForDeploymentPostprocessing = 0;
		};
		A869C01325E18F3300E53910 /* Sources */ = {
			isa = PBXSourcesBuildPhase;
			buildActionMask = 2147483647;
			files = (
				A869C01C25E18F3300E53910 /* flixterTests.swift in Sources */,
			);
			runOnlyForDeploymentPostprocessing = 0;
		};
		A869C01E25E18F3300E53910 /* Sources */ = {
			isa = PBXSourcesBuildPhase;
			buildActionMask = 2147483647;
			files = (
				A869C02725E18F3300E53910 /* flixterUITests.swift in Sources */,
			);
			runOnlyForDeploymentPostprocessing = 0;
		};
/* End PBXSourcesBuildPhase section */

/* Begin PBXTargetDependency section */
		A869C01925E18F3300E53910 /* PBXTargetDependency */ = {
			isa = PBXTargetDependency;
			target = A869C00025E18F3200E53910 /* flixter */;
			targetProxy = A869C01825E18F3300E53910 /* PBXContainerItemProxy */;
		};
		A869C02425E18F3300E53910 /* PBXTargetDependency */ = {
			isa = PBXTargetDependency;
			target = A869C00025E18F3200E53910 /* flixter */;
			targetProxy = A869C02325E18F3300E53910 /* PBXContainerItemProxy */;
		};
/* End PBXTargetDependency section */

/* Begin PBXVariantGroup section */
		A869C00A25E18F3200E53910 /* Main.storyboard */ = {
			isa = PBXVariantGroup;
			children = (
				A869C00B25E18F3200E53910 /* Base */,
			);
			name = Main.storyboard;
			sourceTree = "<group>";
		};
		A869C00F25E18F3300E53910 /* LaunchScreen.storyboard */ = {
			isa = PBXVariantGroup;
			children = (
				A869C01025E18F3300E53910 /* Base */,
			);
			name = LaunchScreen.storyboard;
			sourceTree = "<group>";
		};
/* End PBXVariantGroup section */

/* Begin XCBuildConfiguration section */
		A869C02925E18F3300E53910 /* Debug */ = {
			isa = XCBuildConfiguration;
			buildSettings = {
				ALWAYS_SEARCH_USER_PATHS = NO;
				CLANG_ANALYZER_NONNULL = YES;
				CLANG_ANALYZER_NUMBER_OBJECT_CONVERSION = YES_AGGRESSIVE;
				CLANG_CXX_LANGUAGE_STANDARD = "gnu++14";
				CLANG_CXX_LIBRARY = "libc++";
				CLANG_ENABLE_MODULES = YES;
				CLANG_ENABLE_OBJC_ARC = YES;
				CLANG_ENABLE_OBJC_WEAK = YES;
				CLANG_WARN_BLOCK_CAPTURE_AUTORELEASING = YES;
				CLANG_WARN_BOOL_CONVERSION = YES;
				CLANG_WARN_COMMA = YES;
				CLANG_WARN_CONSTANT_CONVERSION = YES;
				CLANG_WARN_DEPRECATED_OBJC_IMPLEMENTATIONS = YES;
				CLANG_WARN_DIRECT_OBJC_ISA_USAGE = YES_ERROR;
				CLANG_WARN_DOCUMENTATION_COMMENTS = YES;
				CLANG_WARN_EMPTY_BODY = YES;
				CLANG_WARN_ENUM_CONVERSION = YES;
				CLANG_WARN_INFINITE_RECURSION = YES;
				CLANG_WARN_INT_CONVERSION = YES;
				CLANG_WARN_NON_LITERAL_NULL_CONVERSION = YES;
				CLANG_WARN_OBJC_IMPLICIT_RETAIN_SELF = YES;
				CLANG_WARN_OBJC_LITERAL_CONVERSION = YES;
				CLANG_WARN_OBJC_ROOT_CLASS = YES_ERROR;
				CLANG_WARN_QUOTED_INCLUDE_IN_FRAMEWORK_HEADER = YES;
				CLANG_WARN_RANGE_LOOP_ANALYSIS = YES;
				CLANG_WARN_STRICT_PROTOTYPES = YES;
				CLANG_WARN_SUSPICIOUS_MOVE = YES;
				CLANG_WARN_UNGUARDED_AVAILABILITY = YES_AGGRESSIVE;
				CLANG_WARN_UNREACHABLE_CODE = YES;
				CLANG_WARN__DUPLICATE_METHOD_MATCH = YES;
				COPY_PHASE_STRIP = NO;
				DEBUG_INFORMATION_FORMAT = dwarf;
				ENABLE_STRICT_OBJC_MSGSEND = YES;
				ENABLE_TESTABILITY = YES;
				GCC_C_LANGUAGE_STANDARD = gnu11;
				GCC_DYNAMIC_NO_PIC = NO;
				GCC_NO_COMMON_BLOCKS = YES;
				GCC_OPTIMIZATION_LEVEL = 0;
				GCC_PREPROCESSOR_DEFINITIONS = (
					"DEBUG=1",
					"$(inherited)",
				);
				GCC_WARN_64_TO_32_BIT_CONVERSION = YES;
				GCC_WARN_ABOUT_RETURN_TYPE = YES_ERROR;
				GCC_WARN_UNDECLARED_SELECTOR = YES;
				GCC_WARN_UNINITIALIZED_AUTOS = YES_AGGRESSIVE;
				GCC_WARN_UNUSED_FUNCTION = YES;
				GCC_WARN_UNUSED_VARIABLE = YES;
				IPHONEOS_DEPLOYMENT_TARGET = 14.4;
				MTL_ENABLE_DEBUG_INFO = INCLUDE_SOURCE;
				MTL_FAST_MATH = YES;
				ONLY_ACTIVE_ARCH = YES;
				SDKROOT = iphoneos;
				SWIFT_ACTIVE_COMPILATION_CONDITIONS = DEBUG;
				SWIFT_OPTIMIZATION_LEVEL = "-Onone";
			};
			name = Debug;
		};
		A869C02A25E18F3300E53910 /* Release */ = {
			isa = XCBuildConfiguration;
			buildSettings = {
				ALWAYS_SEARCH_USER_PATHS = NO;
				CLANG_ANALYZER_NONNULL = YES;
				CLANG_ANALYZER_NUMBER_OBJECT_CONVERSION = YES_AGGRESSIVE;
				CLANG_CXX_LANGUAGE_STANDARD = "gnu++14";
				CLANG_CXX_LIBRARY = "libc++";
				CLANG_ENABLE_MODULES = YES;
				CLANG_ENABLE_OBJC_ARC = YES;
				CLANG_ENABLE_OBJC_WEAK = YES;
				CLANG_WARN_BLOCK_CAPTURE_AUTORELEASING = YES;
				CLANG_WARN_BOOL_CONVERSION = YES;
				CLANG_WARN_COMMA = YES;
				CLANG_WARN_CONSTANT_CONVERSION = YES;
				CLANG_WARN_DEPRECATED_OBJC_IMPLEMENTATIONS = YES;
				CLANG_WARN_DIRECT_OBJC_ISA_USAGE = YES_ERROR;
				CLANG_WARN_DOCUMENTATION_COMMENTS = YES;
				CLANG_WARN_EMPTY_BODY = YES;
				CLANG_WARN_ENUM_CONVERSION = YES;
				CLANG_WARN_INFINITE_RECURSION = YES;
				CLANG_WARN_INT_CONVERSION = YES;
				CLANG_WARN_NON_LITERAL_NULL_CONVERSION = YES;
				CLANG_WARN_OBJC_IMPLICIT_RETAIN_SELF = YES;
				CLANG_WARN_OBJC_LITERAL_CONVERSION = YES;
				CLANG_WARN_OBJC_ROOT_CLASS = YES_ERROR;
				CLANG_WARN_QUOTED_INCLUDE_IN_FRAMEWORK_HEADER = YES;
				CLANG_WARN_RANGE_LOOP_ANALYSIS = YES;
				CLANG_WARN_STRICT_PROTOTYPES = YES;
				CLANG_WARN_SUSPICIOUS_MOVE = YES;
				CLANG_WARN_UNGUARDED_AVAILABILITY = YES_AGGRESSIVE;
				CLANG_WARN_UNREACHABLE_CODE = YES;
				CLANG_WARN__DUPLICATE_METHOD_MATCH = YES;
				COPY_PHASE_STRIP = NO;
				DEBUG_INFORMATION_FORMAT = "dwarf-with-dsym";
				ENABLE_NS_ASSERTIONS = NO;
				ENABLE_STRICT_OBJC_MSGSEND = YES;
				GCC_C_LANGUAGE_STANDARD = gnu11;
				GCC_NO_COMMON_BLOCKS = YES;
				GCC_WARN_64_TO_32_BIT_CONVERSION = YES;
				GCC_WARN_ABOUT_RETURN_TYPE = YES_ERROR;
				GCC_WARN_UNDECLARED_SELECTOR = YES;
				GCC_WARN_UNINITIALIZED_AUTOS = YES_AGGRESSIVE;
				GCC_WARN_UNUSED_FUNCTION = YES;
				GCC_WARN_UNUSED_VARIABLE = YES;
				IPHONEOS_DEPLOYMENT_TARGET = 14.4;
				MTL_ENABLE_DEBUG_INFO = NO;
				MTL_FAST_MATH = YES;
				SDKROOT = iphoneos;
				SWIFT_COMPILATION_MODE = wholemodule;
				SWIFT_OPTIMIZATION_LEVEL = "-O";
				VALIDATE_PRODUCT = YES;
			};
			name = Release;
		};
		A869C02C25E18F3300E53910 /* Debug */ = {
			isa = XCBuildConfiguration;
			buildSettings = {
				ASSETCATALOG_COMPILER_APPICON_NAME = AppIcon;
				ASSETCATALOG_COMPILER_GLOBAL_ACCENT_COLOR_NAME = AccentColor;
				CODE_SIGN_STYLE = Automatic;
				DEVELOPMENT_TEAM = DSJNX2C8V8;
				INFOPLIST_FILE = flixter/Info.plist;
				LD_RUNPATH_SEARCH_PATHS = (
					"$(inherited)",
					"@executable_path/Frameworks",
				);
				PRODUCT_BUNDLE_IDENTIFIER = asushanth.flixter;
				PRODUCT_NAME = "$(TARGET_NAME)";
				SWIFT_VERSION = 5.0;
				TARGETED_DEVICE_FAMILY = "1,2";
			};
			name = Debug;
		};
		A869C02D25E18F3300E53910 /* Release */ = {
			isa = XCBuildConfiguration;
			buildSettings = {
				ASSETCATALOG_COMPILER_APPICON_NAME = AppIcon;
				ASSETCATALOG_COMPILER_GLOBAL_ACCENT_COLOR_NAME = AccentColor;
				CODE_SIGN_STYLE = Automatic;
				DEVELOPMENT_TEAM = DSJNX2C8V8;
				INFOPLIST_FILE = flixter/Info.plist;
				LD_RUNPATH_SEARCH_PATHS = (
					"$(inherited)",
					"@executable_path/Frameworks",
				);
				PRODUCT_BUNDLE_IDENTIFIER = asushanth.flixter;
				PRODUCT_NAME = "$(TARGET_NAME)";
				SWIFT_VERSION = 5.0;
				TARGETED_DEVICE_FAMILY = "1,2";
			};
			name = Release;
		};
		A869C02F25E18F3300E53910 /* Debug */ = {
			isa = XCBuildConfiguration;
			buildSettings = {
				ALWAYS_EMBED_SWIFT_STANDARD_LIBRARIES = YES;
				BUNDLE_LOADER = "$(TEST_HOST)";
				CODE_SIGN_STYLE = Automatic;
				DEVELOPMENT_TEAM = DSJNX2C8V8;
				INFOPLIST_FILE = flixterTests/Info.plist;
				IPHONEOS_DEPLOYMENT_TARGET = 14.4;
				LD_RUNPATH_SEARCH_PATHS = (
					"$(inherited)",
					"@executable_path/Frameworks",
					"@loader_path/Frameworks",
				);
				PRODUCT_BUNDLE_IDENTIFIER = asushanth.flixterTests;
				PRODUCT_NAME = "$(TARGET_NAME)";
				SWIFT_VERSION = 5.0;
				TARGETED_DEVICE_FAMILY = "1,2";
				TEST_HOST = "$(BUILT_PRODUCTS_DIR)/flixter.app/flixter";
			};
			name = Debug;
		};
		A869C03025E18F3300E53910 /* Release */ = {
			isa = XCBuildConfiguration;
			buildSettings = {
				ALWAYS_EMBED_SWIFT_STANDARD_LIBRARIES = YES;
				BUNDLE_LOADER = "$(TEST_HOST)";
				CODE_SIGN_STYLE = Automatic;
				DEVELOPMENT_TEAM = DSJNX2C8V8;
				INFOPLIST_FILE = flixterTests/Info.plist;
				IPHONEOS_DEPLOYMENT_TARGET = 14.4;
				LD_RUNPATH_SEARCH_PATHS = (
					"$(inherited)",
					"@executable_path/Frameworks",
					"@loader_path/Frameworks",
				);
				PRODUCT_BUNDLE_IDENTIFIER = asushanth.flixterTests;
				PRODUCT_NAME = "$(TARGET_NAME)";
				SWIFT_VERSION = 5.0;
				TARGETED_DEVICE_FAMILY = "1,2";
				TEST_HOST = "$(BUILT_PRODUCTS_DIR)/flixter.app/flixter";
			};
			name = Release;
		};
		A869C03225E18F3300E53910 /* Debug */ = {
			isa = XCBuildConfiguration;
			buildSettings = {
				ALWAYS_EMBED_SWIFT_STANDARD_LIBRARIES = YES;
				CODE_SIGN_STYLE = Automatic;
				DEVELOPMENT_TEAM = DSJNX2C8V8;
				INFOPLIST_FILE = flixterUITests/Info.plist;
				LD_RUNPATH_SEARCH_PATHS = (
					"$(inherited)",
					"@executable_path/Frameworks",
					"@loader_path/Frameworks",
				);
				PRODUCT_BUNDLE_IDENTIFIER = asushanth.flixterUITests;
				PRODUCT_NAME = "$(TARGET_NAME)";
				SWIFT_VERSION = 5.0;
				TARGETED_DEVICE_FAMILY = "1,2";
				TEST_TARGET_NAME = flixter;
			};
			name = Debug;
		};
		A869C03325E18F3300E53910 /* Release */ = {
			isa = XCBuildConfiguration;
			buildSettings = {
				ALWAYS_EMBED_SWIFT_STANDARD_LIBRARIES = YES;
				CODE_SIGN_STYLE = Automatic;
				DEVELOPMENT_TEAM = DSJNX2C8V8;
				INFOPLIST_FILE = flixterUITests/Info.plist;
				LD_RUNPATH_SEARCH_PATHS = (
					"$(inherited)",
					"@executable_path/Frameworks",
					"@loader_path/Frameworks",
				);
				PRODUCT_BUNDLE_IDENTIFIER = asushanth.flixterUITests;
				PRODUCT_NAME = "$(TARGET_NAME)";
				SWIFT_VERSION = 5.0;
				TARGETED_DEVICE_FAMILY = "1,2";
				TEST_TARGET_NAME = flixter;
			};
			name = Release;
		};
/* End XCBuildConfiguration section */

/* Begin XCConfigurationList section */
		A869BFFC25E18F3200E53910 /* Build configuration list for PBXProject "flixter" */ = {
			isa = XCConfigurationList;
			buildConfigurations = (
				A869C02925E18F3300E53910 /* Debug */,
				A869C02A25E18F3300E53910 /* Release */,
			);
			defaultConfigurationIsVisible = 0;
			defaultConfigurationName = Release;
		};
		A869C02B25E18F3300E53910 /* Build configuration list for PBXNativeTarget "flixter" */ = {
			isa = XCConfigurationList;
			buildConfigurations = (
				A869C02C25E18F3300E53910 /* Debug */,
				A869C02D25E18F3300E53910 /* Release */,
			);
			defaultConfigurationIsVisible = 0;
			defaultConfigurationName = Release;
		};
		A869C02E25E18F3300E53910 /* Build configuration list for PBXNativeTarget "flixterTests" */ = {
			isa = XCConfigurationList;
			buildConfigurations = (
				A869C02F25E18F3300E53910 /* Debug */,
				A869C03025E18F3300E53910 /* Release */,
			);
			defaultConfigurationIsVisible = 0;
			defaultConfigurationName = Release;
		};
		A869C03125E18F3300E53910 /* Build configuration list for PBXNativeTarget "flixterUITests" */ = {
			isa = XCConfigurationList;
			buildConfigurations = (
				A869C03225E18F3300E53910 /* Debug */,
				A869C03325E18F3300E53910 /* Release */,
			);
			defaultConfigurationIsVisible = 0;
			defaultConfigurationName = Release;
		};
/* End XCConfigurationList section */
	};
	rootObject = A869BFF925E18F3200E53910 /* Project object */;
}
